[root]
name = "fraust-echo"
version = "0.1.0"
dependencies = [
 "gcc 0.3.22 (registry+https://github.com/rust-lang/crates.io-index)",
 "libc 0.2.6 (registry+https://github.com/rust-lang/crates.io-index)",
 "portaudio 0.2.0 (git+https://github.com/mvdnes/portaudio-rs)",
 "tinyosc 0.0.2 (registry+https://github.com/rust-lang/crates.io-index)",
]

[[package]]
name = "advapi32-sys"
version = "0.1.2"
source = "registry+https://github.com/rust-lang/crates.io-index"
dependencies = [
 "winapi 0.2.5 (registry+https://github.com/rust-lang/crates.io-index)",
 "winapi-build 0.1.1 (registry+https://github.com/rust-lang/crates.io-index)",
]

[[package]]
name = "bitflags"
version = "0.3.3"
source = "registry+https://github.com/rust-lang/crates.io-index"

[[package]]
name = "byteorder"
version = "0.4.2"
source = "registry+https://github.com/rust-lang/crates.io-index"

[[package]]
name = "gcc"
version = "0.3.22"
source = "registry+https://github.com/rust-lang/crates.io-index"
dependencies = [
 "advapi32-sys 0.1.2 (registry+https://github.com/rust-lang/crates.io-index)",
 "winapi 0.2.5 (registry+https://github.com/rust-lang/crates.io-index)",
]

[[package]]
name = "libc"
version = "0.2.6"
source = "registry+https://github.com/rust-lang/crates.io-index"

[[package]]
name = "pkg-config"
version = "0.3.6"
source = "registry+https://github.com/rust-lang/crates.io-index"

[[package]]
name = "portaudio"
version = "0.2.0"
source = "git+https://github.com/mvdnes/portaudio-rs#0b228f54a16814c52ba1ef449ac439af59f8cab0"
dependencies = [
 "bitflags 0.3.3 (registry+https://github.com/rust-lang/crates.io-index)",
 "libc 0.2.6 (registry+https://github.com/rust-lang/crates.io-index)",
 "portaudio_sys 0.1.1 (git+https://github.com/mvdnes/portaudio-rs)",
]

[[package]]
name = "portaudio_sys"
version = "0.1.1"
source = "git+https://github.com/mvdnes/portaudio-rs#0b228f54a16814c52ba1ef449ac439af59f8cab0"
dependencies = [
 "libc 0.2.6 (registry+https://github.com/rust-lang/crates.io-index)",
 "pkg-config 0.3.6 (registry+https://github.com/rust-lang/crates.io-index)",
]

[[package]]
name = "tinyosc"
version = "0.0.2"
source = "registry+https://github.com/rust-lang/crates.io-index"
dependencies = [
 "byteorder 0.4.2 (registry+https://github.com/rust-lang/crates.io-index)",
]

[[package]]
name = "winapi"
version = "0.2.5"
source = "registry+https://github.com/rust-lang/crates.io-index"

[[package]]
name = "winapi-build"
version = "0.1.1"
source = "registry+https://github.com/rust-lang/crates.io-index"

[metadata]
"checksum advapi32-sys 0.1.2 (registry+https://github.com/rust-lang/crates.io-index)" = "307c92332867e586720c0222ee9d890bbe8431711efed8a1b06bc5b40fc66bd7"
"checksum bitflags 0.3.3 (registry+https://github.com/rust-lang/crates.io-index)" = "32866f4d103c4e438b1db1158aa1b1a80ee078e5d77a59a2f906fd62a577389c"
"checksum byteorder 0.4.2 (registry+https://github.com/rust-lang/crates.io-index)" = "96c8b41881888cc08af32d47ac4edd52bc7fa27fef774be47a92443756451304"
"checksum gcc 0.3.22 (registry+https://github.com/rust-lang/crates.io-index)" = "d10b1b53a6acaae40478108ba9bab33d27752e44526db73b8a0b6ffbf8980b21"
"checksum libc 0.2.6 (registry+https://github.com/rust-lang/crates.io-index)" = "b608bf5e09bb38b075938d5d261682511bae283ef4549cc24fa66b1b8050de7b"
"checksum pkg-config 0.3.6 (registry+https://github.com/rust-lang/crates.io-index)" = "e22680bde24ca417a3a7fc1036ead9acf0a0af007217c955f61c0eaa903edb2f"
"checksum portaudio 0.2.0 (git+https://github.com/mvdnes/portaudio-rs)" = "<none>"
"checksum portaudio_sys 0.1.1 (git+https://github.com/mvdnes/portaudio-rs)" = "<none>"
"checksum tinyosc 0.0.2 (registry+https://github.com/rust-lang/crates.io-index)" = "0fc383a13f4acf1352ac59b2e90d8bd1cf989f4cc44f0a21197e57d689c89aee"
"checksum winapi 0.2.5 (registry+https://github.com/rust-lang/crates.io-index)" = "dc3583688b861fcd83c2823d37cf2cd2446c233dd7ba3f97884d1a7302817537"
"checksum winapi-build 0.1.1 (registry+https://github.com/rust-lang/crates.io-index)" = "2d315eee3b34aca4797b2da6b13ed88266e6d612562a0c46390af8299fc699bc"
